
Microsoft Visual Studio Solution File, Format Version 12.00
# Visual Studio Version 17
VisualStudioVersion = 17.7.34031.279
MinimumVisualStudioVersion = 10.0.40219.1
Project("{9A19103F-16F7-4668-BE54-9A1E7A4F7556}") = "U1A1", "U1A1\U1A1.csproj", "{62037100-A23F-4152-AEB5-B1C6FBA6536B}"
EndProject
Project("{9A19103F-16F7-4668-BE54-9A1E7A4F7556}") = "U1A2", "U1A2\U1A2.csproj", "{9D06FDF2-39F9-4879-AB23-62C45DEC1CBF}"
EndProject
Project("{9A19103F-16F7-4668-BE54-9A1E7A4F7556}") = "U2A1", "U2A1\U2A1.csproj", "{D35EEC22-47FF-4C84-8517-8DFBD803A510}"
EndProject
Project("{9A19103F-16F7-4668-BE54-9A1E7A4F7556}") = "U2A2", "U2A2\U2A2.csproj", "{4320EB1E-B2EF-4A78-88C0-902EC55A263C}"
EndProject
Project("{FAE04EC0-301F-11D3-BF4B-00C04F79EFBC}") = "U5Final", "U5Final\U5Final.csproj", "{50AB194D-FAFF-4F21-A53C-007547DFE71B}"
EndProject
Global
	GlobalSection(SolutionConfigurationPlatforms) = preSolution
		Debug|Any CPU = Debug|Any CPU
		Release|Any CPU = Release|Any CPU
	EndGlobalSection
	GlobalSection(ProjectConfigurationPlatforms) = postSolution
		{62037100-A23F-4152-AEB5-B1C6FBA6536B}.Debug|Any CPU.ActiveCfg = Debug|Any CPU
		{62037100-A23F-4152-AEB5-B1C6FBA6536B}.Debug|Any CPU.Build.0 = Debug|Any CPU
		{62037100-A23F-4152-AEB5-B1C6FBA6536B}.Release|Any CPU.ActiveCfg = Release|Any CPU
		{62037100-A23F-4152-AEB5-B1C6FBA6536B}.Release|Any CPU.Build.0 = Release|Any CPU
		{9D06FDF2-39F9-4879-AB23-62C45DEC1CBF}.Debug|Any CPU.ActiveCfg = Debug|Any CPU
		{9D06FDF2-39F9-4879-AB23-62C45DEC1CBF}.Debug|Any CPU.Build.0 = Debug|Any CPU
		{9D06FDF2-39F9-4879-AB23-62C45DEC1CBF}.Release|Any CPU.ActiveCfg = Release|Any CPU
		{9D06FDF2-39F9-4879-AB23-62C45DEC1CBF}.Release|Any CPU.Build.0 = Release|Any CPU
		{D35EEC22-47FF-4C84-8517-8DFBD803A510}.Debug|Any CPU.ActiveCfg = Debug|Any CPU
		{D35EEC22-47FF-4C84-8517-8DFBD803A510}.Debug|Any CPU.Build.0 = Debug|Any CPU
		{D35EEC22-47FF-4C84-8517-8DFBD803A510}.Release|Any CPU.ActiveCfg = Release|Any CPU
		{D35EEC22-47FF-4C84-8517-8DFBD803A510}.Release|Any CPU.Build.0 = Release|Any CPU
		{4320EB1E-B2EF-4A78-88C0-902EC55A263C}.Debug|Any CPU.ActiveCfg = Debug|Any CPU
		{4320EB1E-B2EF-4A78-88C0-902EC55A263C}.Debug|Any CPU.Build.0 = Debug|Any CPU
		{4320EB1E-B2EF-4A78-88C0-902EC55A263C}.Release|Any CPU.ActiveCfg = Release|Any CPU
		{4320EB1E-B2EF-4A78-88C0-902EC55A263C}.Release|Any CPU.Build.0 = Release|Any CPU
		{50AB194D-FAFF-4F21-A53C-007547DFE71B}.Debug|Any CPU.ActiveCfg = Debug|Any CPU
		{50AB194D-FAFF-4F21-A53C-007547DFE71B}.Debug|Any CPU.Build.0 = Debug|Any CPU
		{50AB194D-FAFF-4F21-A53C-007547DFE71B}.Release|Any CPU.ActiveCfg = Release|Any CPU
		{50AB194D-FAFF-4F21-A53C-007547DFE71B}.Release|Any CPU.Build.0 = Release|Any CPU
	EndGlobalSection
	GlobalSection(SolutionProperties) = preSolution
		HideSolutionNode = FALSE
	EndGlobalSection
	GlobalSection(ExtensibilityGlobals) = postSolution
		SolutionGuid = {F95A74F7-363E-40AD-8AF2-EA6A887CD650}
	EndGlobalSection
EndGlobal
